
Microsoft Visual Studio Solution File, Format Version 12.00
Project("{FAE04EC0-301F-11D3-BF4B-00C04F79EFBC}") = "Fighters", "Fighters\Fighters.csproj", "{BEE3F7DB-8B76-49C6-8242-23EF90D6D5D3}"
EndProject
Project("{FAE04EC0-301F-11D3-BF4B-00C04F79EFBC}") = "Fighters.Tests", "Fighters.Tests\Fighters.Tests.csproj", "{BF4415D1-197E-4B5A-9ABC-A00AF21DE5D2}"
EndProject
Global
	GlobalSection(SolutionConfigurationPlatforms) = preSolution
		Debug|Any CPU = Debug|Any CPU
		Release|Any CPU = Release|Any CPU
	EndGlobalSection
	GlobalSection(ProjectConfigurationPlatforms) = postSolution
		{BEE3F7DB-8B76-49C6-8242-23EF90D6D5D3}.Debug|Any CPU.ActiveCfg = Debug|Any CPU
		{BEE3F7DB-8B76-49C6-8242-23EF90D6D5D3}.Debug|Any CPU.Build.0 = Debug|Any CPU
		{BEE3F7DB-8B76-49C6-8242-23EF90D6D5D3}.Release|Any CPU.ActiveCfg = Release|Any CPU
		{BEE3F7DB-8B76-49C6-8242-23EF90D6D5D3}.Release|Any CPU.Build.0 = Release|Any CPU
		{BF4415D1-197E-4B5A-9ABC-A00AF21DE5D2}.Debug|Any CPU.ActiveCfg = Debug|Any CPU
		{BF4415D1-197E-4B5A-9ABC-A00AF21DE5D2}.Debug|Any CPU.Build.0 = Debug|Any CPU
		{BF4415D1-197E-4B5A-9ABC-A00AF21DE5D2}.Release|Any CPU.ActiveCfg = Release|Any CPU
		{BF4415D1-197E-4B5A-9ABC-A00AF21DE5D2}.Release|Any CPU.Build.0 = Release|Any CPU
	EndGlobalSection
EndGlobal
